FORGE
  remote: https://forgeapi.puppetlabs.com
  specs:
    KyleAnderson-consul (1.0.10)
      puppet-archive (< 1.0.0, >= 0.5.0)
      puppetlabs-stdlib (< 5.0.0, >= 4.6.0)
    ceritsc-yum (0.9.8)
      puppetlabs-stdlib (>= 4.2.0)
    elasticsearch-elasticsearch (0.13.2)
      ceritsc-yum (< 1.0.0, >= 0.9.6)
      puppetlabs-apt (< 3.0.0, >= 1.4.0)
      puppetlabs-stdlib (< 5.0.0, >= 3.2.0)
      richardc-datacat (< 1.0.0, >= 0.6.2)
    fiddyspence-sysctl (1.1.0)
    garethr-docker (5.2.0)
      puppetlabs-apt (<= 3.0.0, >= 1.8.0)
      puppetlabs-stdlib (>= 4.1.0)
      stahnma-epel (>= 0.0.6)
    locp-cassandra (1.25.2)
      puppetlabs-apt (< 3.0.0, >= 2.0.0)
      puppetlabs-firewall (< 2.0.0, >= 1.0.0)
      puppetlabs-inifile (< 2.0.0, >= 1.0.0)
      puppetlabs-stdlib (< 5.0.0, >= 3.0.0)
    mtulio-linux (1.1.1)
      puppetlabs-stdlib (>= 4.10.0)
    panaman-pathmunge (1.0.0)
      puppetlabs-stdlib (>= 4.1.0)
    petems-swap_file (3.0.2)
      fiddyspence-sysctl (= 1.1.0)
      puppetlabs-stdlib (>= 4.7.0)
    puppet-archive (0.5.1)
      puppetlabs-pe_gem (>= 0.0.1)
      puppetlabs-stdlib (>= 2.2.1)
    puppetlabs-apt (2.2.2)
      puppetlabs-stdlib (< 5.0.0, >= 4.5.0)
    puppetlabs-docker_platform (2.1.0)
      garethr-docker (= 5.2.0)
    puppetlabs-firewall (1.8.1)
    puppetlabs-inifile (1.6.0)
    puppetlabs-java (1.6.0)
      puppetlabs-stdlib (< 5.0.0, >= 2.4.0)
    puppetlabs-limits (0.1.0)
    puppetlabs-pe_gem (0.2.0)
    puppetlabs-stdlib (4.12.0)
    richardc-datacat (0.6.2)
    stahnma-epel (1.2.2)
      puppetlabs-stdlib (>= 3.0.0)

GIT
  remote: git://github.com/voxpupuli/puppet-selinux.git
  ref: master
  sha: 15fde36a5b6267bdfff273c8bdfaee2b9624c570
  specs:
    puppet-selinux (0.4.2-rc0)
      puppetlabs-stdlib (>= 0)

DEPENDENCIES
  KyleAnderson-consul (= 1.0.10)
  elasticsearch-elasticsearch (= 0.13.2)
  fiddyspence-sysctl (= 1.1.0)
  locp-cassandra (= 1.25.2)
  mtulio-linux (= 1.1.1)
  panaman-pathmunge (= 1.0.0)
  petems-swap_file (= 3.0.2)
  puppet-selinux (>= 0)
  puppetlabs-docker_platform (= 2.1.0)
  puppetlabs-java (= 1.6.0)
  puppetlabs-limits (= 0.1.0)

