FORGE
  remote: https://forgeapi.puppetlabs.com
  specs:
    KyleAnderson-consul (1.0.10)
      puppet-archive (< 1.0.0, >= 0.5.0)
      puppetlabs-stdlib (< 5.0.0, >= 4.6.0)
    fiddyspence-sysctl (1.1.0)
    garethr-docker (5.2.0)
      puppetlabs-apt (<= 3.0.0, >= 1.8.0)
      puppetlabs-stdlib (>= 4.1.0)
      stahnma-epel (>= 0.0.6)
    panaman-pathmunge (1.0.0)
      puppetlabs-stdlib (>= 4.1.0)
    petems-swap_file (3.0.2)
      fiddyspence-sysctl (= 1.1.0)
      puppetlabs-stdlib (>= 4.7.0)
    puppet-archive (0.5.1)
      puppetlabs-pe_gem (>= 0.0.1)
      puppetlabs-stdlib (>= 2.2.1)
    puppetlabs-apt (2.2.2)
      puppetlabs-stdlib (< 5.0.0, >= 4.5.0)
    puppetlabs-docker_platform (2.1.0)
      garethr-docker (= 5.2.0)
    puppetlabs-java (1.6.0)
      puppetlabs-stdlib (< 5.0.0, >= 2.4.0)
    puppetlabs-pe_gem (0.2.0)
    puppetlabs-stdlib (4.12.0)
    stahnma-epel (1.2.2)
      puppetlabs-stdlib (>= 3.0.0)

DEPENDENCIES
  KyleAnderson-consul (= 1.0.10)
  panaman-pathmunge (= 1.0.0)
  petems-swap_file (= 3.0.2)
  puppetlabs-docker_platform (= 2.1.0)
  puppetlabs-java (= 1.6.0)

