FORGE
  remote: https://forgeapi.puppetlabs.com
  specs:
    garethr-docker (5.2.0)
      puppetlabs-apt (<= 3.0.0, >= 1.8.0)
      puppetlabs-stdlib (>= 4.1.0)
      stahnma-epel (>= 0.0.6)
    mtulio-linux (1.1.1)
      puppetlabs-stdlib (>= 4.10.0)
    panaman-pathmunge (1.0.0)
      puppetlabs-stdlib (>= 4.1.0)
    puppet-archive (1.0.0)
      puppetlabs-stdlib (< 5.0.0, >= 4.2.0)
    puppet-nodejs (2.0.1)
      puppetlabs-stdlib (< 5.0.0, >= 4.1.0)
      treydock-gpg_key (< 1.0.0, >= 0.0.3)
    puppetlabs-apt (2.2.2)
      puppetlabs-stdlib (< 5.0.0, >= 4.5.0)
    puppetlabs-concat (2.2.0)
      puppetlabs-stdlib (< 5.0.0, >= 4.2.0)
    puppetlabs-docker_platform (2.1.0)
      garethr-docker (= 5.2.0)
    puppetlabs-haproxy (1.5.0)
      puppetlabs-concat (< 3.0.0, >= 1.2.3)
      puppetlabs-stdlib (< 5.0.0, >= 3.2.0)
    puppetlabs-java (1.6.0)
      puppetlabs-stdlib (< 5.0.0, >= 2.4.0)
    puppetlabs-stdlib (4.12.0)
    stahnma-epel (1.2.2)
      puppetlabs-stdlib (>= 3.0.0)
    treydock-gpg_key (0.0.3)

DEPENDENCIES
  mtulio-linux (= 1.1.1)
  panaman-pathmunge (= 1.0.0)
  puppet-archive (= 1.0.0)
  puppet-nodejs (= 2.0.1)
  puppetlabs-docker_platform (= 2.1.0)
  puppetlabs-haproxy (= 1.5.0)
  puppetlabs-java (= 1.6.0)

